
Microsoft Visual Studio Solution File, Format Version 12.00
# Visual Studio 14
VisualStudioVersion = 14.0.25420.1
MinimumVisualStudioVersion = 10.0.40219.1
Project("{2150E333-8FDC-42A3-9474-1A3956D46DE8}") = "src", "src", "{E7C765D8-861D-4B70-B396-8CC1B8B65883}"
EndProject
Project("{2150E333-8FDC-42A3-9474-1A3956D46DE8}") = "Solution Items", "Solution Items", "{D6B30F89-63C2-4A8D-925A-E29D3C9BF309}"
	ProjectSection(SolutionItems) = preProject
		global.json = global.json
	EndProjectSection
EndProject
Project("{8BB2217D-0F2D-49D1-97BC-3654ED321F3B}") = "HRProject", "src\HRProject\HRProject.xproj", "{9C6DA062-EE17-40EE-806E-334371DB1DA6}"
EndProject
Global
	GlobalSection(SolutionConfigurationPlatforms) = preSolution
		Debug|Any CPU = Debug|Any CPU
		Release|Any CPU = Release|Any CPU
	EndGlobalSection
	GlobalSection(ProjectConfigurationPlatforms) = postSolution
		{9C6DA062-EE17-40EE-806E-334371DB1DA6}.Debug|Any CPU.ActiveCfg = Debug|Any CPU
		{9C6DA062-EE17-40EE-806E-334371DB1DA6}.Debug|Any CPU.Build.0 = Debug|Any CPU
		{9C6DA062-EE17-40EE-806E-334371DB1DA6}.Release|Any CPU.ActiveCfg = Release|Any CPU
		{9C6DA062-EE17-40EE-806E-334371DB1DA6}.Release|Any CPU.Build.0 = Release|Any CPU
	EndGlobalSection
	GlobalSection(SolutionProperties) = preSolution
		HideSolutionNode = FALSE
	EndGlobalSection
	GlobalSection(NestedProjects) = preSolution
		{9C6DA062-EE17-40EE-806E-334371DB1DA6} = {E7C765D8-861D-4B70-B396-8CC1B8B65883}
	EndGlobalSection
EndGlobal
